
Microsoft Visual Studio Solution File, Format Version 12.00
# Visual Studio Version 17
VisualStudioVersion = 17.3.32929.385
MinimumVisualStudioVersion = 10.0.40219.1
Project("{8BC9CEB8-8B4A-11D0-8D11-00A0C91BC942}") = "bronx", "bronx\bronx.vcxproj", "{0F3FC159-6BA9-4090-B982-CF4C24F9AEBD}"
EndProject
Project("{8BC9CEB8-8B4A-11D0-8D11-00A0C91BC942}") = "Sandbox", "Sandbox\Sandbox.vcxproj", "{E5687821-AF16-4C35-B9DE-5CCC59D6CF60}"
EndProject
Global
	GlobalSection(SolutionConfigurationPlatforms) = preSolution
		Debug|x64 = Debug|x64
		Release|x64 = Release|x64
	EndGlobalSection
	GlobalSection(ProjectConfigurationPlatforms) = postSolution
		{0F3FC159-6BA9-4090-B982-CF4C24F9AEBD}.Debug|x64.ActiveCfg = Debug|x64
		{0F3FC159-6BA9-4090-B982-CF4C24F9AEBD}.Debug|x64.Build.0 = Debug|x64
		{0F3FC159-6BA9-4090-B982-CF4C24F9AEBD}.Release|x64.ActiveCfg = Debug|x64
		{0F3FC159-6BA9-4090-B982-CF4C24F9AEBD}.Release|x64.Build.0 = Debug|x64
		{E5687821-AF16-4C35-B9DE-5CCC59D6CF60}.Debug|x64.ActiveCfg = Debug|x64
		{E5687821-AF16-4C35-B9DE-5CCC59D6CF60}.Debug|x64.Build.0 = Debug|x64
		{E5687821-AF16-4C35-B9DE-5CCC59D6CF60}.Release|x64.ActiveCfg = Debug|x64
		{E5687821-AF16-4C35-B9DE-5CCC59D6CF60}.Release|x64.Build.0 = Debug|x64
	EndGlobalSection
	GlobalSection(SolutionProperties) = preSolution
		HideSolutionNode = FALSE
	EndGlobalSection
	GlobalSection(ExtensibilityGlobals) = postSolution
		SolutionGuid = {1D92AF84-1413-4CF2-9D21-583F137CEF9B}
	EndGlobalSection
EndGlobal
